
Microsoft Visual Studio Solution File, Format Version 12.00
# Visual Studio Version 16
VisualStudioVersion = 16.0.29418.71
MinimumVisualStudioVersion = 10.0.40219.1
Project("{8BC9CEB8-8B4A-11D0-8D11-00A0C91BC942}") = "Prac0503", "Prac0503\Prac0503.vcxproj", "{04639A5D-AE24-4184-8D6A-CF94E6A3F716}"
EndProject
Global
	GlobalSection(SolutionConfigurationPlatforms) = preSolution
		Debug|x64 = Debug|x64
		Debug|x86 = Debug|x86
		Release|x64 = Release|x64
		Release|x86 = Release|x86
	EndGlobalSection
	GlobalSection(ProjectConfigurationPlatforms) = postSolution
		{04639A5D-AE24-4184-8D6A-CF94E6A3F716}.Debug|x64.ActiveCfg = Debug|x64
		{04639A5D-AE24-4184-8D6A-CF94E6A3F716}.Debug|x64.Build.0 = Debug|x64
		{04639A5D-AE24-4184-8D6A-CF94E6A3F716}.Debug|x86.ActiveCfg = Debug|Win32
		{04639A5D-AE24-4184-8D6A-CF94E6A3F716}.Debug|x86.Build.0 = Debug|Win32
		{04639A5D-AE24-4184-8D6A-CF94E6A3F716}.Release|x64.ActiveCfg = Release|x64
		{04639A5D-AE24-4184-8D6A-CF94E6A3F716}.Release|x64.Build.0 = Release|x64
		{04639A5D-AE24-4184-8D6A-CF94E6A3F716}.Release|x86.ActiveCfg = Release|Win32
		{04639A5D-AE24-4184-8D6A-CF94E6A3F716}.Release|x86.Build.0 = Release|Win32
	EndGlobalSection
	GlobalSection(SolutionProperties) = preSolution
		HideSolutionNode = FALSE
	EndGlobalSection
	GlobalSection(ExtensibilityGlobals) = postSolution
		SolutionGuid = {59FC95BA-E9FB-4C08-B16E-BC19AD74A9AF}
	EndGlobalSection
EndGlobal
