
Microsoft Visual Studio Solution File, Format Version 12.00
# Visual Studio Version 16
VisualStudioVersion = 16.0.29418.71
MinimumVisualStudioVersion = 10.0.40219.1
Project("{8BC9CEB8-8B4A-11D0-8D11-00A0C91BC942}") = "Prac0304", "Prac0304\Prac0304.vcxproj", "{F117B9B6-F0F3-4C67-BE7C-61C689C0ECB1}"
EndProject
Global
	GlobalSection(SolutionConfigurationPlatforms) = preSolution
		Debug|x64 = Debug|x64
		Debug|x86 = Debug|x86
		Release|x64 = Release|x64
		Release|x86 = Release|x86
	EndGlobalSection
	GlobalSection(ProjectConfigurationPlatforms) = postSolution
		{F117B9B6-F0F3-4C67-BE7C-61C689C0ECB1}.Debug|x64.ActiveCfg = Debug|x64
		{F117B9B6-F0F3-4C67-BE7C-61C689C0ECB1}.Debug|x64.Build.0 = Debug|x64
		{F117B9B6-F0F3-4C67-BE7C-61C689C0ECB1}.Debug|x86.ActiveCfg = Debug|Win32
		{F117B9B6-F0F3-4C67-BE7C-61C689C0ECB1}.Debug|x86.Build.0 = Debug|Win32
		{F117B9B6-F0F3-4C67-BE7C-61C689C0ECB1}.Release|x64.ActiveCfg = Release|x64
		{F117B9B6-F0F3-4C67-BE7C-61C689C0ECB1}.Release|x64.Build.0 = Release|x64
		{F117B9B6-F0F3-4C67-BE7C-61C689C0ECB1}.Release|x86.ActiveCfg = Release|Win32
		{F117B9B6-F0F3-4C67-BE7C-61C689C0ECB1}.Release|x86.Build.0 = Release|Win32
	EndGlobalSection
	GlobalSection(SolutionProperties) = preSolution
		HideSolutionNode = FALSE
	EndGlobalSection
	GlobalSection(ExtensibilityGlobals) = postSolution
		SolutionGuid = {4E01694D-72D5-478B-82C9-DB5EDF45011F}
	EndGlobalSection
EndGlobal
