
Microsoft Visual Studio Solution File, Format Version 12.00
# Visual Studio Version 16
VisualStudioVersion = 16.0.29418.71
MinimumVisualStudioVersion = 10.0.40219.1
Project("{8BC9CEB8-8B4A-11D0-8D11-00A0C91BC942}") = "Fibonacci_", "Fibonacci_\Fibonacci_.vcxproj", "{E86970BC-5B9A-45CF-9B2E-5F8A6468F783}"
EndProject
Global
	GlobalSection(SolutionConfigurationPlatforms) = preSolution
		Debug|x64 = Debug|x64
		Debug|x86 = Debug|x86
		Release|x64 = Release|x64
		Release|x86 = Release|x86
	EndGlobalSection
	GlobalSection(ProjectConfigurationPlatforms) = postSolution
		{E86970BC-5B9A-45CF-9B2E-5F8A6468F783}.Debug|x64.ActiveCfg = Debug|x64
		{E86970BC-5B9A-45CF-9B2E-5F8A6468F783}.Debug|x64.Build.0 = Debug|x64
		{E86970BC-5B9A-45CF-9B2E-5F8A6468F783}.Debug|x86.ActiveCfg = Debug|Win32
		{E86970BC-5B9A-45CF-9B2E-5F8A6468F783}.Debug|x86.Build.0 = Debug|Win32
		{E86970BC-5B9A-45CF-9B2E-5F8A6468F783}.Release|x64.ActiveCfg = Release|x64
		{E86970BC-5B9A-45CF-9B2E-5F8A6468F783}.Release|x64.Build.0 = Release|x64
		{E86970BC-5B9A-45CF-9B2E-5F8A6468F783}.Release|x86.ActiveCfg = Release|Win32
		{E86970BC-5B9A-45CF-9B2E-5F8A6468F783}.Release|x86.Build.0 = Release|Win32
	EndGlobalSection
	GlobalSection(SolutionProperties) = preSolution
		HideSolutionNode = FALSE
	EndGlobalSection
	GlobalSection(ExtensibilityGlobals) = postSolution
		SolutionGuid = {9A5182B7-F532-4EEB-8AFD-6E4C2A0A752C}
	EndGlobalSection
EndGlobal
