
Microsoft Visual Studio Solution File, Format Version 12.00
# Visual Studio Version 16
VisualStudioVersion = 16.0.29418.71
MinimumVisualStudioVersion = 10.0.40219.1
Project("{8BC9CEB8-8B4A-11D0-8D11-00A0C91BC942}") = "Prac0406", "Prac0406\Prac0406.vcxproj", "{9D8FF81A-4C05-4B2F-9F51-98DDA2C6718B}"
EndProject
Global
	GlobalSection(SolutionConfigurationPlatforms) = preSolution
		Debug|x64 = Debug|x64
		Debug|x86 = Debug|x86
		Release|x64 = Release|x64
		Release|x86 = Release|x86
	EndGlobalSection
	GlobalSection(ProjectConfigurationPlatforms) = postSolution
		{9D8FF81A-4C05-4B2F-9F51-98DDA2C6718B}.Debug|x64.ActiveCfg = Debug|x64
		{9D8FF81A-4C05-4B2F-9F51-98DDA2C6718B}.Debug|x64.Build.0 = Debug|x64
		{9D8FF81A-4C05-4B2F-9F51-98DDA2C6718B}.Debug|x86.ActiveCfg = Debug|Win32
		{9D8FF81A-4C05-4B2F-9F51-98DDA2C6718B}.Debug|x86.Build.0 = Debug|Win32
		{9D8FF81A-4C05-4B2F-9F51-98DDA2C6718B}.Release|x64.ActiveCfg = Release|x64
		{9D8FF81A-4C05-4B2F-9F51-98DDA2C6718B}.Release|x64.Build.0 = Release|x64
		{9D8FF81A-4C05-4B2F-9F51-98DDA2C6718B}.Release|x86.ActiveCfg = Release|Win32
		{9D8FF81A-4C05-4B2F-9F51-98DDA2C6718B}.Release|x86.Build.0 = Release|Win32
	EndGlobalSection
	GlobalSection(SolutionProperties) = preSolution
		HideSolutionNode = FALSE
	EndGlobalSection
	GlobalSection(ExtensibilityGlobals) = postSolution
		SolutionGuid = {86A52770-6371-4BE9-B71F-B28CDE212CE0}
	EndGlobalSection
EndGlobal
